// !$*UTF8*$!
{
	archiveVersion = 1;
	classes = {
	};
	objectVersion = 46;
	objects = {

/* Begin PBXBuildFile section */
		09A41C381E09B5950072EE8C /* PINResultTests.m in Sources */ = {isa = PBXBuildFile; fileRef = 5971D279FCC25DA78DFD52A5 /* PINResultTests.m */; };
		09E85BBE1E171B2400238CEB /* PINCancelTokenTests.m in Sources */ = {isa = PBXBuildFile; fileRef = 09E85BBC1E171B1A00238CEB /* PINCancelTokenTests.m */; };
		16328CA7B3F11E0B8B9D14ED /* Pods_PINFuture_Tests.framework in Frameworks */ = {isa = PBXBuildFile; fileRef = 2A821DF67E7C6F4B8CBFD0C4 /* Pods_PINFuture_Tests.framework */; };
		6003F58E195388D20070C39A /* Foundation.framework in Frameworks */ = {isa = PBXBuildFile; fileRef = 6003F58D195388D20070C39A /* Foundation.framework */; };
		6003F590195388D20070C39A /* CoreGraphics.framework in Frameworks */ = {isa = PBXBuildFile; fileRef = 6003F58F195388D20070C39A /* CoreGraphics.framework */; };
		6003F592195388D20070C39A /* UIKit.framework in Frameworks */ = {isa = PBXBuildFile; fileRef = 6003F591195388D20070C39A /* UIKit.framework */; };
		6003F598195388D20070C39A /* InfoPlist.strings in Resources */ = {isa = PBXBuildFile; fileRef = 6003F596195388D20070C39A /* InfoPlist.strings */; };
		6003F59A195388D20070C39A /* main.m in Sources */ = {isa = PBXBuildFile; fileRef = 6003F599195388D20070C39A /* main.m */; };
		6003F59E195388D20070C39A /* PINAppDelegate.m in Sources */ = {isa = PBXBuildFile; fileRef = 6003F59D195388D20070C39A /* PINAppDelegate.m */; };
		6003F5A7195388D20070C39A /* PINViewController.m in Sources */ = {isa = PBXBuildFile; fileRef = 6003F5A6195388D20070C39A /* PINViewController.m */; };
		6003F5A9195388D20070C39A /* Images.xcassets in Resources */ = {isa = PBXBuildFile; fileRef = 6003F5A8195388D20070C39A /* Images.xcassets */; };
		6003F5B0195388D20070C39A /* XCTest.framework in Frameworks */ = {isa = PBXBuildFile; fileRef = 6003F5AF195388D20070C39A /* XCTest.framework */; };
		6003F5B1195388D20070C39A /* Foundation.framework in Frameworks */ = {isa = PBXBuildFile; fileRef = 6003F58D195388D20070C39A /* Foundation.framework */; };
		6003F5B2195388D20070C39A /* UIKit.framework in Frameworks */ = {isa = PBXBuildFile; fileRef = 6003F591195388D20070C39A /* UIKit.framework */; };
		6003F5BA195388D20070C39A /* InfoPlist.strings in Resources */ = {isa = PBXBuildFile; fileRef = 6003F5B8195388D20070C39A /* InfoPlist.strings */; };
		6003F5BC195388D20070C39A /* PINFutureTests.m in Sources */ = {isa = PBXBuildFile; fileRef = 6003F5BB195388D20070C39A /* PINFutureTests.m */; };
		832DD8701F44950300F31888 /* PINFuture+GatherSomeTests.m in Sources */ = {isa = PBXBuildFile; fileRef = 832DD86E1F4492C900F31888 /* PINFuture+GatherSomeTests.m */; };
		833B31EE1E1EF4B8002D0449 /* PINTaskMap+MapToValueTests.m in Sources */ = {isa = PBXBuildFile; fileRef = 833B31ED1E1EF4B8002D0449 /* PINTaskMap+MapToValueTests.m */; };
		833B31F41E1F2B8C002D0449 /* PINTask+DoTests.m in Sources */ = {isa = PBXBuildFile; fileRef = 833B31F31E1F2B8C002D0449 /* PINTask+DoTests.m */; };
		833B31FA1E1F6D0B002D0449 /* PINTask+DoAsyncTests.m in Sources */ = {isa = PBXBuildFile; fileRef = 833B31F91E1F6D0B002D0449 /* PINTask+DoAsyncTests.m */; };
		833DA7111DFA428700DCFACD /* PINFuture+FlatMapErrorTests.m in Sources */ = {isa = PBXBuildFile; fileRef = 833DA7101DFA428700DCFACD /* PINFuture+FlatMapErrorTests.m */; };
		8349E10D1E02094200EB7EA3 /* PINOnceTests.m in Sources */ = {isa = PBXBuildFile; fileRef = 8349E10C1E02094200EB7EA3 /* PINOnceTests.m */; };
		8349E1101E02165900EB7EA3 /* PINDispatchProxyTests.m in Sources */ = {isa = PBXBuildFile; fileRef = 8349E10E1E0215FF00EB7EA3 /* PINDispatchProxyTests.m */; };
		8349E11E1E02304300EB7EA3 /* PINTask+AllTests.m in Sources */ = {isa = PBXBuildFile; fileRef = 8349E11D1E02304300EB7EA3 /* PINTask+AllTests.m */; };
		8349E1201E02308B00EB7EA3 /* PINTask+CacheTests.m in Sources */ = {isa = PBXBuildFile; fileRef = 8349E11F1E02308B00EB7EA3 /* PINTask+CacheTests.m */; };
		8349E12A1E026C8800EB7EA3 /* PINTaskMap+MapTests.m in Sources */ = {isa = PBXBuildFile; fileRef = 8349E1291E026C8800EB7EA3 /* PINTaskMap+MapTests.m */; };
		8349E12C1E026E9600EB7EA3 /* PINTaskMap+FlatMapTests.m in Sources */ = {isa = PBXBuildFile; fileRef = 8349E12B1E026E9600EB7EA3 /* PINTaskMap+FlatMapTests.m */; };
		8349E1421E047CE300EB7EA3 /* PINTaskStressTest.m in Sources */ = {isa = PBXBuildFile; fileRef = 8349E1411E047CE300EB7EA3 /* PINTaskStressTest.m */; };
		836101B61E3C2BB30027C0A2 /* PINFuture+ChainSideEffectTests.m in Sources */ = {isa = PBXBuildFile; fileRef = 836101B51E3C2BB30027C0A2 /* PINFuture+ChainSideEffectTests.m */; };
		836101C31E3D4EA10027C0A2 /* PINFuture+CompletionTests.m in Sources */ = {isa = PBXBuildFile; fileRef = 836101C21E3D4EA10027C0A2 /* PINFuture+CompletionTests.m */; };
		83626EF51DF5EA1F001CDCC7 /* PINFutureStressTests.m in Sources */ = {isa = PBXBuildFile; fileRef = 83626EF41DF5EA1F001CDCC7 /* PINFutureStressTests.m */; };
		83626EF71DF5F5FA001CDCC7 /* PINFuture+GatherAllTests.m in Sources */ = {isa = PBXBuildFile; fileRef = 83626EF61DF5F5FA001CDCC7 /* PINFuture+GatherAllTests.m */; };
		83626F011DF62ABE001CDCC7 /* PINFuture+DispatchTests.m in Sources */ = {isa = PBXBuildFile; fileRef = 83626F001DF62ABE001CDCC7 /* PINFuture+DispatchTests.m */; };
		83626F121DF96773001CDCC7 /* PINFutureMap+MapTests.m in Sources */ = {isa = PBXBuildFile; fileRef = 83626F111DF96773001CDCC7 /* PINFutureMap+MapTests.m */; };
		83626F1C1DFA40DE001CDCC7 /* PINFuture+MapErrorTests.m in Sources */ = {isa = PBXBuildFile; fileRef = 83626F1B1DFA40DE001CDCC7 /* PINFuture+MapErrorTests.m */; };
		83C56B621DFF889100AAB9C4 /* PINTaskTests.m in Sources */ = {isa = PBXBuildFile; fileRef = 83C56B611DFF889100AAB9C4 /* PINTaskTests.m */; };
		83C7A6531E415DFB00953658 /* PINFuture+MapToValueTests.m in Sources */ = {isa = PBXBuildFile; fileRef = 83C7A6521E415DFB00953658 /* PINFuture+MapToValueTests.m */; };
		83E1B2D81DF4C2730068B35F /* PINFutureMap+FlatMapTests.m in Sources */ = {isa = PBXBuildFile; fileRef = 83E1B2D71DF4C2730068B35F /* PINFutureMap+FlatMapTests.m */; };
		83E1B2DB1DF4C5DF0068B35F /* TestUtil.m in Sources */ = {isa = PBXBuildFile; fileRef = 83E1B2DA1DF4C5DF0068B35F /* TestUtil.m */; };
		873B8AEB1B1F5CCA007FD442 /* Main.storyboard in Resources */ = {isa = PBXBuildFile; fileRef = 873B8AEA1B1F5CCA007FD442 /* Main.storyboard */; };
		B81A292D7ACB087392340FE9 /* Pods_PINFuture_Example.framework in Frameworks */ = {isa = PBXBuildFile; fileRef = EAAD6A03E1F0F7045FC95494 /* Pods_PINFuture_Example.framework */; };
/* End PBXBuildFile section */

/* Begin PBXContainerItemProxy section */
		6003F5B3195388D20070C39A /* PBXContainerItemProxy */ = {
			isa = PBXContainerItemProxy;
			containerPortal = 6003F582195388D10070C39A /* Project object */;
			proxyType = 1;
			remoteGlobalIDString = 6003F589195388D20070C39A;
			remoteInfo = PINFuture;
		};
/* End PBXContainerItemProxy section */

/* Begin PBXFileReference section */
		09E85BBC1E171B1A00238CEB /* PINCancelTokenTests.m */ = {isa = PBXFileReference; fileEncoding = 4; lastKnownFileType = sourcecode.c.objc; path = PINCancelTokenTests.m; sourceTree = "<group>"; };
		1C1EC260D16EA51C1A79998D /* Pods-PINFuture_Example.debug.xcconfig */ = {isa = PBXFileReference; includeInIndex = 1; lastKnownFileType = text.xcconfig; name = "Pods-PINFuture_Example.debug.xcconfig"; path = "Pods/Target Support Files/Pods-PINFuture_Example/Pods-PINFuture_Example.debug.xcconfig"; sourceTree = "<group>"; };
		2A821DF67E7C6F4B8CBFD0C4 /* Pods_PINFuture_Tests.framework */ = {isa = PBXFileReference; explicitFileType = wrapper.framework; includeInIndex = 0; path = Pods_PINFuture_Tests.framework; sourceTree = BUILT_PRODUCTS_DIR; };
		31F4E9B3BEFC11D41B0E8B26 /* Pods-PINFuture_Example.release.xcconfig */ = {isa = PBXFileReference; includeInIndex = 1; lastKnownFileType = text.xcconfig; name = "Pods-PINFuture_Example.release.xcconfig"; path = "Pods/Target Support Files/Pods-PINFuture_Example/Pods-PINFuture_Example.release.xcconfig"; sourceTree = "<group>"; };
		455156103D57344FBA3283B7 /* PINFuture.podspec */ = {isa = PBXFileReference; includeInIndex = 1; lastKnownFileType = text; name = PINFuture.podspec; path = ../PINFuture.podspec; sourceTree = "<group>"; };
		5971D279FCC25DA78DFD52A5 /* PINResultTests.m */ = {isa = PBXFileReference; fileEncoding = 4; lastKnownFileType = sourcecode.c.objc; path = PINResultTests.m; sourceTree = "<group>"; };
		6003F58A195388D20070C39A /* PINFuture_Example.app */ = {isa = PBXFileReference; explicitFileType = wrapper.application; includeInIndex = 0; path = PINFuture_Example.app; sourceTree = BUILT_PRODUCTS_DIR; };
		6003F58D195388D20070C39A /* Foundation.framework */ = {isa = PBXFileReference; lastKnownFileType = wrapper.framework; name = Foundation.framework; path = System/Library/Frameworks/Foundation.framework; sourceTree = SDKROOT; };
		6003F58F195388D20070C39A /* CoreGraphics.framework */ = {isa = PBXFileReference; lastKnownFileType = wrapper.framework; name = CoreGraphics.framework; path = System/Library/Frameworks/CoreGraphics.framework; sourceTree = SDKROOT; };
		6003F591195388D20070C39A /* UIKit.framework */ = {isa = PBXFileReference; lastKnownFileType = wrapper.framework; name = UIKit.framework; path = System/Library/Frameworks/UIKit.framework; sourceTree = SDKROOT; };
		6003F595195388D20070C39A /* PINFuture-Info.plist */ = {isa = PBXFileReference; lastKnownFileType = text.plist.xml; path = "PINFuture-Info.plist"; sourceTree = "<group>"; };
		6003F597195388D20070C39A /* en */ = {isa = PBXFileReference; lastKnownFileType = text.plist.strings; name = en; path = en.lproj/InfoPlist.strings; sourceTree = "<group>"; };
		6003F599195388D20070C39A /* main.m */ = {isa = PBXFileReference; lastKnownFileType = sourcecode.c.objc; path = main.m; sourceTree = "<group>"; };
		6003F59B195388D20070C39A /* PINFuture-Prefix.pch */ = {isa = PBXFileReference; lastKnownFileType = sourcecode.c.h; path = "PINFuture-Prefix.pch"; sourceTree = "<group>"; };
		6003F59C195388D20070C39A /* PINAppDelegate.h */ = {isa = PBXFileReference; lastKnownFileType = sourcecode.c.h; path = PINAppDelegate.h; sourceTree = "<group>"; };
		6003F59D195388D20070C39A /* PINAppDelegate.m */ = {isa = PBXFileReference; lastKnownFileType = sourcecode.c.objc; path = PINAppDelegate.m; sourceTree = "<group>"; };
		6003F5A5195388D20070C39A /* PINViewController.h */ = {isa = PBXFileReference; lastKnownFileType = sourcecode.c.h; path = PINViewController.h; sourceTree = "<group>"; };
		6003F5A6195388D20070C39A /* PINViewController.m */ = {isa = PBXFileReference; lastKnownFileType = sourcecode.c.objc; path = PINViewController.m; sourceTree = "<group>"; };
		6003F5A8195388D20070C39A /* Images.xcassets */ = {isa = PBXFileReference; lastKnownFileType = folder.assetcatalog; path = Images.xcassets; sourceTree = "<group>"; };
		6003F5AE195388D20070C39A /* PINFuture_Tests.xctest */ = {isa = PBXFileReference; explicitFileType = wrapper.cfbundle; includeInIndex = 0; path = PINFuture_Tests.xctest; sourceTree = BUILT_PRODUCTS_DIR; };
		6003F5AF195388D20070C39A /* XCTest.framework */ = {isa = PBXFileReference; lastKnownFileType = wrapper.framework; name = XCTest.framework; path = Library/Frameworks/XCTest.framework; sourceTree = DEVELOPER_DIR; };
		6003F5B7195388D20070C39A /* Tests-Info.plist */ = {isa = PBXFileReference; lastKnownFileType = text.plist.xml; path = "Tests-Info.plist"; sourceTree = "<group>"; };
		6003F5B9195388D20070C39A /* en */ = {isa = PBXFileReference; lastKnownFileType = text.plist.strings; name = en; path = en.lproj/InfoPlist.strings; sourceTree = "<group>"; };
		6003F5BB195388D20070C39A /* PINFutureTests.m */ = {isa = PBXFileReference; lastKnownFileType = sourcecode.c.objc; path = PINFutureTests.m; sourceTree = "<group>"; };
		606FC2411953D9B200FFA9A0 /* Tests-Prefix.pch */ = {isa = PBXFileReference; lastKnownFileType = sourcecode.c.h; path = "Tests-Prefix.pch"; sourceTree = "<group>"; };
		781D0727B7DDED858FD00A64 /* Pods-PINFuture_Tests.release.xcconfig */ = {isa = PBXFileReference; includeInIndex = 1; lastKnownFileType = text.xcconfig; name = "Pods-PINFuture_Tests.release.xcconfig"; path = "Pods/Target Support Files/Pods-PINFuture_Tests/Pods-PINFuture_Tests.release.xcconfig"; sourceTree = "<group>"; };
		832DD86E1F4492C900F31888 /* PINFuture+GatherSomeTests.m */ = {isa = PBXFileReference; fileEncoding = 4; lastKnownFileType = sourcecode.c.objc; path = "PINFuture+GatherSomeTests.m"; sourceTree = "<group>"; };
		833B31ED1E1EF4B8002D0449 /* PINTaskMap+MapToValueTests.m */ = {isa = PBXFileReference; fileEncoding = 4; lastKnownFileType = sourcecode.c.objc; path = "PINTaskMap+MapToValueTests.m"; sourceTree = "<group>"; };
		833B31F31E1F2B8C002D0449 /* PINTask+DoTests.m */ = {isa = PBXFileReference; fileEncoding = 4; lastKnownFileType = sourcecode.c.objc; path = "PINTask+DoTests.m"; sourceTree = "<group>"; };
		833B31F91E1F6D0B002D0449 /* PINTask+DoAsyncTests.m */ = {isa = PBXFileReference; fileEncoding = 4; lastKnownFileType = sourcecode.c.objc; path = "PINTask+DoAsyncTests.m"; sourceTree = "<group>"; };
		833DA7101DFA428700DCFACD /* PINFuture+FlatMapErrorTests.m */ = {isa = PBXFileReference; fileEncoding = 4; lastKnownFileType = sourcecode.c.objc; path = "PINFuture+FlatMapErrorTests.m"; sourceTree = "<group>"; };
		8349E10C1E02094200EB7EA3 /* PINOnceTests.m */ = {isa = PBXFileReference; fileEncoding = 4; lastKnownFileType = sourcecode.c.objc; path = PINOnceTests.m; sourceTree = "<group>"; };
		8349E10E1E0215FF00EB7EA3 /* PINDispatchProxyTests.m */ = {isa = PBXFileReference; fileEncoding = 4; lastKnownFileType = sourcecode.c.objc; path = PINDispatchProxyTests.m; sourceTree = "<group>"; };
		8349E11D1E02304300EB7EA3 /* PINTask+AllTests.m */ = {isa = PBXFileReference; fileEncoding = 4; lastKnownFileType = sourcecode.c.objc; path = "PINTask+AllTests.m"; sourceTree = "<group>"; };
		8349E11F1E02308B00EB7EA3 /* PINTask+CacheTests.m */ = {isa = PBXFileReference; fileEncoding = 4; lastKnownFileType = sourcecode.c.objc; path = "PINTask+CacheTests.m"; sourceTree = "<group>"; };
		8349E1291E026C8800EB7EA3 /* PINTaskMap+MapTests.m */ = {isa = PBXFileReference; fileEncoding = 4; lastKnownFileType = sourcecode.c.objc; path = "PINTaskMap+MapTests.m"; sourceTree = "<group>"; };
		8349E12B1E026E9600EB7EA3 /* PINTaskMap+FlatMapTests.m */ = {isa = PBXFileReference; fileEncoding = 4; lastKnownFileType = sourcecode.c.objc; path = "PINTaskMap+FlatMapTests.m"; sourceTree = "<group>"; };
		8349E1411E047CE300EB7EA3 /* PINTaskStressTest.m */ = {isa = PBXFileReference; fileEncoding = 4; lastKnownFileType = sourcecode.c.objc; path = PINTaskStressTest.m; sourceTree = "<group>"; };
		836101B51E3C2BB30027C0A2 /* PINFuture+ChainSideEffectTests.m */ = {isa = PBXFileReference; fileEncoding = 4; lastKnownFileType = sourcecode.c.objc; path = "PINFuture+ChainSideEffectTests.m"; sourceTree = "<group>"; };
		836101C21E3D4EA10027C0A2 /* PINFuture+CompletionTests.m */ = {isa = PBXFileReference; fileEncoding = 4; lastKnownFileType = sourcecode.c.objc; path = "PINFuture+CompletionTests.m"; sourceTree = "<group>"; };
		83626EF41DF5EA1F001CDCC7 /* PINFutureStressTests.m */ = {isa = PBXFileReference; fileEncoding = 4; lastKnownFileType = sourcecode.c.objc; path = PINFutureStressTests.m; sourceTree = "<group>"; };
		83626EF61DF5F5FA001CDCC7 /* PINFuture+GatherAllTests.m */ = {isa = PBXFileReference; fileEncoding = 4; lastKnownFileType = sourcecode.c.objc; path = "PINFuture+GatherAllTests.m"; sourceTree = "<group>"; };
		83626F001DF62ABE001CDCC7 /* PINFuture+DispatchTests.m */ = {isa = PBXFileReference; fileEncoding = 4; lastKnownFileType = sourcecode.c.objc; path = "PINFuture+DispatchTests.m"; sourceTree = "<group>"; };
		83626F111DF96773001CDCC7 /* PINFutureMap+MapTests.m */ = {isa = PBXFileReference; fileEncoding = 4; lastKnownFileType = sourcecode.c.objc; path = "PINFutureMap+MapTests.m"; sourceTree = "<group>"; };
		83626F1B1DFA40DE001CDCC7 /* PINFuture+MapErrorTests.m */ = {isa = PBXFileReference; fileEncoding = 4; lastKnownFileType = sourcecode.c.objc; path = "PINFuture+MapErrorTests.m"; sourceTree = "<group>"; };
		83C56B611DFF889100AAB9C4 /* PINTaskTests.m */ = {isa = PBXFileReference; fileEncoding = 4; lastKnownFileType = sourcecode.c.objc; path = PINTaskTests.m; sourceTree = "<group>"; };
		83C7A6521E415DFB00953658 /* PINFuture+MapToValueTests.m */ = {isa = PBXFileReference; fileEncoding = 4; lastKnownFileType = sourcecode.c.objc; path = "PINFuture+MapToValueTests.m"; sourceTree = "<group>"; };
		83E1B2D71DF4C2730068B35F /* PINFutureMap+FlatMapTests.m */ = {isa = PBXFileReference; fileEncoding = 4; lastKnownFileType = sourcecode.c.objc; path = "PINFutureMap+FlatMapTests.m"; sourceTree = "<group>"; };
		83E1B2D91DF4C5DF0068B35F /* TestUtil.h */ = {isa = PBXFileReference; fileEncoding = 4; lastKnownFileType = sourcecode.c.h; path = TestUtil.h; sourceTree = "<group>"; };
		83E1B2DA1DF4C5DF0068B35F /* TestUtil.m */ = {isa = PBXFileReference; fileEncoding = 4; lastKnownFileType = sourcecode.c.objc; path = TestUtil.m; sourceTree = "<group>"; };
		873B8AEA1B1F5CCA007FD442 /* Main.storyboard */ = {isa = PBXFileReference; fileEncoding = 4; lastKnownFileType = file.storyboard; path = Main.storyboard; sourceTree = "<group>"; };
		A84D3049B325A16AE013C28F /* Pods-PINFuture_Tests.debug.xcconfig */ = {isa = PBXFileReference; includeInIndex = 1; lastKnownFileType = text.xcconfig; name = "Pods-PINFuture_Tests.debug.xcconfig"; path = "Pods/Target Support Files/Pods-PINFuture_Tests/Pods-PINFuture_Tests.debug.xcconfig"; sourceTree = "<group>"; };
		AF33C53E999DCCF83710C792 /* README.md */ = {isa = PBXFileReference; includeInIndex = 1; lastKnownFileType = net.daringfireball.markdown; name = README.md; path = ../README.md; sourceTree = "<group>"; };
		BCCEC1D3224E245FDF19478B /* LICENSE */ = {isa = PBXFileReference; includeInIndex = 1; lastKnownFileType = text; name = LICENSE; path = ../LICENSE; sourceTree = "<group>"; };
		EAAD6A03E1F0F7045FC95494 /* Pods_PINFuture_Example.framework */ = {isa = PBXFileReference; explicitFileType = wrapper.framework; includeInIndex = 0; path = Pods_PINFuture_Example.framework; sourceTree = BUILT_PRODUCTS_DIR; };
/* End PBXFileReference section */

/* Begin PBXFrameworksBuildPhase section */
		6003F587195388D20070C39A /* Frameworks */ = {
			isa = PBXFrameworksBuildPhase;
			buildActionMask = 2147483647;
			files = (
				6003F590195388D20070C39A /* CoreGraphics.framework in Frameworks */,
				6003F592195388D20070C39A /* UIKit.framework in Frameworks */,
				6003F58E195388D20070C39A /* Foundation.framework in Frameworks */,
				B81A292D7ACB087392340FE9 /* Pods_PINFuture_Example.framework in Frameworks */,
			);
			runOnlyForDeploymentPostprocessing = 0;
		};
		6003F5AB195388D20070C39A /* Frameworks */ = {
			isa = PBXFrameworksBuildPhase;
			buildActionMask = 2147483647;
			files = (
				6003F5B0195388D20070C39A /* XCTest.framework in Frameworks */,
				6003F5B2195388D20070C39A /* UIKit.framework in Frameworks */,
				6003F5B1195388D20070C39A /* Foundation.framework in Frameworks */,
				16328CA7B3F11E0B8B9D14ED /* Pods_PINFuture_Tests.framework in Frameworks */,
			);
			runOnlyForDeploymentPostprocessing = 0;
		};
/* End PBXFrameworksBuildPhase section */

/* Begin PBXGroup section */
		6003F581195388D10070C39A = {
			isa = PBXGroup;
			children = (
				60FF7A9C1954A5C5007DD14C /* Podspec Metadata */,
				6003F593195388D20070C39A /* Example for PINFuture */,
				6003F5B5195388D20070C39A /* Tests */,
				6003F58C195388D20070C39A /* Frameworks */,
				6003F58B195388D20070C39A /* Products */,
				C49E29769AA6444E634AC1C8 /* Pods */,
			);
			sourceTree = "<group>";
		};
		6003F58B195388D20070C39A /* Products */ = {
			isa = PBXGroup;
			children = (
				6003F58A195388D20070C39A /* PINFuture_Example.app */,
				6003F5AE195388D20070C39A /* PINFuture_Tests.xctest */,
			);
			name = Products;
			sourceTree = "<group>";
		};
		6003F58C195388D20070C39A /* Frameworks */ = {
			isa = PBXGroup;
			children = (
				6003F58D195388D20070C39A /* Foundation.framework */,
				6003F58F195388D20070C39A /* CoreGraphics.framework */,
				6003F591195388D20070C39A /* UIKit.framework */,
				6003F5AF195388D20070C39A /* XCTest.framework */,
				EAAD6A03E1F0F7045FC95494 /* Pods_PINFuture_Example.framework */,
				2A821DF67E7C6F4B8CBFD0C4 /* Pods_PINFuture_Tests.framework */,
			);
			name = Frameworks;
			sourceTree = "<group>";
		};
		6003F593195388D20070C39A /* Example for PINFuture */ = {
			isa = PBXGroup;
			children = (
				6003F59C195388D20070C39A /* PINAppDelegate.h */,
				6003F59D195388D20070C39A /* PINAppDelegate.m */,
				873B8AEA1B1F5CCA007FD442 /* Main.storyboard */,
				6003F5A5195388D20070C39A /* PINViewController.h */,
				6003F5A6195388D20070C39A /* PINViewController.m */,
				6003F5A8195388D20070C39A /* Images.xcassets */,
				6003F594195388D20070C39A /* Supporting Files */,
			);
			name = "Example for PINFuture";
			path = PINFuture;
			sourceTree = "<group>";
		};
		6003F594195388D20070C39A /* Supporting Files */ = {
			isa = PBXGroup;
			children = (
				6003F595195388D20070C39A /* PINFuture-Info.plist */,
				6003F596195388D20070C39A /* InfoPlist.strings */,
				6003F599195388D20070C39A /* main.m */,
				6003F59B195388D20070C39A /* PINFuture-Prefix.pch */,
			);
			name = "Supporting Files";
			sourceTree = "<group>";
		};
		6003F5B5195388D20070C39A /* Tests */ = {
			isa = PBXGroup;
			children = (
				8349E10E1E0215FF00EB7EA3 /* PINDispatchProxyTests.m */,
				6003F5BB195388D20070C39A /* PINFutureTests.m */,
				836101B51E3C2BB30027C0A2 /* PINFuture+ChainSideEffectTests.m */,
				836101C21E3D4EA10027C0A2 /* PINFuture+CompletionTests.m */,
				83626F001DF62ABE001CDCC7 /* PINFuture+DispatchTests.m */,
				83626F1B1DFA40DE001CDCC7 /* PINFuture+MapErrorTests.m */,
				833DA7101DFA428700DCFACD /* PINFuture+FlatMapErrorTests.m */,
				83626EF61DF5F5FA001CDCC7 /* PINFuture+GatherAllTests.m */,
				832DD86E1F4492C900F31888 /* PINFuture+GatherSomeTests.m */,
				83C7A6521E415DFB00953658 /* PINFuture+MapToValueTests.m */,
				83626EF41DF5EA1F001CDCC7 /* PINFutureStressTests.m */,
				83E1B2D71DF4C2730068B35F /* PINFutureMap+FlatMapTests.m */,
				83626F111DF96773001CDCC7 /* PINFutureMap+MapTests.m */,
				8349E10C1E02094200EB7EA3 /* PINOnceTests.m */,
				83C56B611DFF889100AAB9C4 /* PINTaskTests.m */,
				8349E11D1E02304300EB7EA3 /* PINTask+AllTests.m */,
				8349E11F1E02308B00EB7EA3 /* PINTask+CacheTests.m */,
				833B31F31E1F2B8C002D0449 /* PINTask+DoTests.m */,
				833B31F91E1F6D0B002D0449 /* PINTask+DoAsyncTests.m */,
				8349E12B1E026E9600EB7EA3 /* PINTaskMap+FlatMapTests.m */,
				8349E1291E026C8800EB7EA3 /* PINTaskMap+MapTests.m */,
				833B31ED1E1EF4B8002D0449 /* PINTaskMap+MapToValueTests.m */,
				8349E1411E047CE300EB7EA3 /* PINTaskStressTest.m */,
				6003F5B6195388D20070C39A /* Supporting Files */,
				5971D279FCC25DA78DFD52A5 /* PINResultTests.m */,
				09E85BBC1E171B1A00238CEB /* PINCancelTokenTests.m */,
			);
			path = Tests;
			sourceTree = "<group>";
		};
		6003F5B6195388D20070C39A /* Supporting Files */ = {
			isa = PBXGroup;
			children = (
				83E1B2D91DF4C5DF0068B35F /* TestUtil.h */,
				83E1B2DA1DF4C5DF0068B35F /* TestUtil.m */,
				6003F5B7195388D20070C39A /* Tests-Info.plist */,
				6003F5B8195388D20070C39A /* InfoPlist.strings */,
				606FC2411953D9B200FFA9A0 /* Tests-Prefix.pch */,
			);
			name = "Supporting Files";
			sourceTree = "<group>";
		};
		60FF7A9C1954A5C5007DD14C /* Podspec Metadata */ = {
			isa = PBXGroup;
			children = (
				455156103D57344FBA3283B7 /* PINFuture.podspec */,
				AF33C53E999DCCF83710C792 /* README.md */,
				BCCEC1D3224E245FDF19478B /* LICENSE */,
			);
			name = "Podspec Metadata";
			sourceTree = "<group>";
		};
		C49E29769AA6444E634AC1C8 /* Pods */ = {
			isa = PBXGroup;
			children = (
				1C1EC260D16EA51C1A79998D /* Pods-PINFuture_Example.debug.xcconfig */,
				31F4E9B3BEFC11D41B0E8B26 /* Pods-PINFuture_Example.release.xcconfig */,
				A84D3049B325A16AE013C28F /* Pods-PINFuture_Tests.debug.xcconfig */,
				781D0727B7DDED858FD00A64 /* Pods-PINFuture_Tests.release.xcconfig */,
			);
			name = Pods;
			sourceTree = "<group>";
		};
/* End PBXGroup section */

/* Begin PBXNativeTarget section */
		6003F589195388D20070C39A /* PINFuture_Example */ = {
			isa = PBXNativeTarget;
			buildConfigurationList = 6003F5BF195388D20070C39A /* Build configuration list for PBXNativeTarget "PINFuture_Example" */;
			buildPhases = (
				7D8AB9871FE8AE516D592C65 /* [CP] Check Pods Manifest.lock */,
				1BDE8456B130AFB191B3C499 /* [CP] Check Pods Manifest.lock */,
				6003F586195388D20070C39A /* Sources */,
				6003F587195388D20070C39A /* Frameworks */,
				6003F588195388D20070C39A /* Resources */,
				8BE011059005F372199CA421 /* [CP] Embed Pods Frameworks */,
				A3C652621DDBC72DC05E1C5D /* [CP] Copy Pods Resources */,
				E81DC4278D39100DC8064B63 /* 📦 Embed Pods Frameworks */,
				80C863D0009AEFE7FEECADCE /* 📦 Copy Pods Resources */,
			);
			buildRules = (
			);
			dependencies = (
			);
			name = PINFuture_Example;
			productName = PINFuture;
			productReference = 6003F58A195388D20070C39A /* PINFuture_Example.app */;
			productType = "com.apple.product-type.application";
		};
		6003F5AD195388D20070C39A /* PINFuture_Tests */ = {
			isa = PBXNativeTarget;
			buildConfigurationList = 6003F5C2195388D20070C39A /* Build configuration list for PBXNativeTarget "PINFuture_Tests" */;
			buildPhases = (
				EF54C94AB96980CAA47267CD /* [CP] Check Pods Manifest.lock */,
				494039C0674E808B132BDE57 /* [CP] Check Pods Manifest.lock */,
				6003F5AA195388D20070C39A /* Sources */,
				6003F5AB195388D20070C39A /* Frameworks */,
				6003F5AC195388D20070C39A /* Resources */,
				07F1E04CFA889C4C6FB65FB2 /* [CP] Embed Pods Frameworks */,
				0C84E192F7D747E3F2757856 /* [CP] Copy Pods Resources */,
				681F5639130DB43525D15BB2 /* 📦 Embed Pods Frameworks */,
				005B9CC2C7CA98AD3004ACC1 /* 📦 Copy Pods Resources */,
			);
			buildRules = (
			);
			dependencies = (
				6003F5B4195388D20070C39A /* PBXTargetDependency */,
			);
			name = PINFuture_Tests;
			productName = PINFutureTests;
			productReference = 6003F5AE195388D20070C39A /* PINFuture_Tests.xctest */;
			productType = "com.apple.product-type.bundle.unit-test";
		};
/* End PBXNativeTarget section */

/* Begin PBXProject section */
		6003F582195388D10070C39A /* Project object */ = {
			isa = PBXProject;
			attributes = {
				CLASSPREFIX = PIN;
				LastUpgradeCheck = 0820;
				ORGANIZATIONNAME = Pinterest;
				TargetAttributes = {
					6003F5AD195388D20070C39A = {
						TestTargetID = 6003F589195388D20070C39A;
					};
				};
			};
			buildConfigurationList = 6003F585195388D10070C39A /* Build configuration list for PBXProject "PINFuture" */;
			compatibilityVersion = "Xcode 3.2";
			developmentRegion = English;
			hasScannedForEncodings = 0;
			knownRegions = (
				en,
				Base,
			);
			mainGroup = 6003F581195388D10070C39A;
			productRefGroup = 6003F58B195388D20070C39A /* Products */;
			projectDirPath = "";
			projectRoot = "";
			targets = (
				6003F589195388D20070C39A /* PINFuture_Example */,
				6003F5AD195388D20070C39A /* PINFuture_Tests */,
			);
		};
/* End PBXProject section */

/* Begin PBXResourcesBuildPhase section */
		6003F588195388D20070C39A /* Resources */ = {
			isa = PBXResourcesBuildPhase;
			buildActionMask = 2147483647;
			files = (
				873B8AEB1B1F5CCA007FD442 /* Main.storyboard in Resources */,
				6003F5A9195388D20070C39A /* Images.xcassets in Resources */,
				6003F598195388D20070C39A /* InfoPlist.strings in Resources */,
			);
			runOnlyForDeploymentPostprocessing = 0;
		};
		6003F5AC195388D20070C39A /* Resources */ = {
			isa = PBXResourcesBuildPhase;
			buildActionMask = 2147483647;
			files = (
				6003F5BA195388D20070C39A /* InfoPlist.strings in Resources */,
			);
			runOnlyForDeploymentPostprocessing = 0;
		};
/* End PBXResourcesBuildPhase section */

/* Begin PBXShellScriptBuildPhase section */
		005B9CC2C7CA98AD3004ACC1 /* 📦 Copy Pods Resources */ = {
			isa = PBXShellScriptBuildPhase;
			buildActionMask = 2147483647;
			files = (
			);
			inputPaths = (
			);
			name = "📦 Copy Pods Resources";
			outputPaths = (
			);
			runOnlyForDeploymentPostprocessing = 0;
			shellPath = /bin/sh;
			shellScript = "\"${SRCROOT}/Pods/Target Support Files/Pods-PINFuture_Tests/Pods-PINFuture_Tests-resources.sh\"\n";
			showEnvVarsInLog = 0;
		};
		07F1E04CFA889C4C6FB65FB2 /* [CP] Embed Pods Frameworks */ = {
			isa = PBXShellScriptBuildPhase;
			buildActionMask = 2147483647;
			files = (
			);
			inputPaths = (
				"${SRCROOT}/Pods/Target Support Files/Pods-PINFuture_Tests/Pods-PINFuture_Tests-frameworks.sh",
				"${BUILT_PRODUCTS_DIR}/PINFuture/PINFuture.framework",
				"${BUILT_PRODUCTS_DIR}/Expecta/Expecta.framework",
				"${BUILT_PRODUCTS_DIR}/Specta/Specta.framework",
			);
			name = "[CP] Embed Pods Frameworks";
			outputPaths = (
				"${TARGET_BUILD_DIR}/${FRAMEWORKS_FOLDER_PATH}/PINFuture.framework",
				"${TARGET_BUILD_DIR}/${FRAMEWORKS_FOLDER_PATH}/Expecta.framework",
				"${TARGET_BUILD_DIR}/${FRAMEWORKS_FOLDER_PATH}/Specta.framework",
			);
			runOnlyForDeploymentPostprocessing = 0;
			shellPath = /bin/sh;
			shellScript = "\"${SRCROOT}/Pods/Target Support Files/Pods-PINFuture_Tests/Pods-PINFuture_Tests-frameworks.sh\"\n";
			showEnvVarsInLog = 0;
		};
		0C84E192F7D747E3F2757856 /* [CP] Copy Pods Resources */ = {
			isa = PBXShellScriptBuildPhase;
			buildActionMask = 2147483647;
			files = (
			);
			inputPaths = (
			);
			name = "[CP] Copy Pods Resources";
			outputPaths = (
			);
			runOnlyForDeploymentPostprocessing = 0;
			shellPath = /bin/sh;
			shellScript = "\"${SRCROOT}/Pods/Target Support Files/Pods-PINFuture_Tests/Pods-PINFuture_Tests-resources.sh\"\n";
			showEnvVarsInLog = 0;
		};
		1BDE8456B130AFB191B3C499 /* [CP] Check Pods Manifest.lock */ = {
			isa = PBXShellScriptBuildPhase;
			buildActionMask = 2147483647;
			files = (
			);
			inputPaths = (
			);
			name = "[CP] Check Pods Manifest.lock";
			outputPaths = (
			);
			runOnlyForDeploymentPostprocessing = 0;
			shellPath = /bin/sh;
			shellScript = "diff \"${PODS_ROOT}/../Podfile.lock\" \"${PODS_ROOT}/Manifest.lock\" > /dev/null\nif [ $? != 0 ] ; then\n    # print error to STDERR\n    echo \"error: The sandbox is not in sync with the Podfile.lock. Run 'pod install' or update your CocoaPods installation.\" >&2\n    exit 1\nfi\n";
			showEnvVarsInLog = 0;
		};
		494039C0674E808B132BDE57 /* [CP] Check Pods Manifest.lock */ = {
			isa = PBXShellScriptBuildPhase;
			buildActionMask = 2147483647;
			files = (
			);
			inputPaths = (
			);
			name = "[CP] Check Pods Manifest.lock";
			outputPaths = (
			);
			runOnlyForDeploymentPostprocessing = 0;
			shellPath = /bin/sh;
			shellScript = "diff \"${PODS_ROOT}/../Podfile.lock\" \"${PODS_ROOT}/Manifest.lock\" > /dev/null\nif [ $? != 0 ] ; then\n    # print error to STDERR\n    echo \"error: The sandbox is not in sync with the Podfile.lock. Run 'pod install' or update your CocoaPods installation.\" >&2\n    exit 1\nfi\n";
			showEnvVarsInLog = 0;
		};
		681F5639130DB43525D15BB2 /* 📦 Embed Pods Frameworks */ = {
			isa = PBXShellScriptBuildPhase;
			buildActionMask = 2147483647;
			files = (
			);
			inputPaths = (
			);
			name = "📦 Embed Pods Frameworks";
			outputPaths = (
			);
			runOnlyForDeploymentPostprocessing = 0;
			shellPath = /bin/sh;
			shellScript = "\"${SRCROOT}/Pods/Target Support Files/Pods-PINFuture_Tests/Pods-PINFuture_Tests-frameworks.sh\"\n";
			showEnvVarsInLog = 0;
		};
		7D8AB9871FE8AE516D592C65 /* [CP] Check Pods Manifest.lock */ = {
			isa = PBXShellScriptBuildPhase;
			buildActionMask = 2147483647;
			files = (
			);
			inputPaths = (
				"${PODS_PODFILE_DIR_PATH}/Podfile.lock",
				"${PODS_ROOT}/Manifest.lock",
			);
			name = "[CP] Check Pods Manifest.lock";
			outputPaths = (
				"$(DERIVED_FILE_DIR)/Pods-PINFuture_Example-checkManifestLockResult.txt",
			);
			runOnlyForDeploymentPostprocessing = 0;
			shellPath = /bin/sh;
			shellScript = "diff \"${PODS_PODFILE_DIR_PATH}/Podfile.lock\" \"${PODS_ROOT}/Manifest.lock\" > /dev/null\nif [ $? != 0 ] ; then\n    # print error to STDERR\n    echo \"error: The sandbox is not in sync with the Podfile.lock. Run 'pod install' or update your CocoaPods installation.\" >&2\n    exit 1\nfi\n# This output is used by Xcode 'outputs' to avoid re-running this script phase.\necho \"SUCCESS\" > \"${SCRIPT_OUTPUT_FILE_0}\"\n";
			showEnvVarsInLog = 0;
		};
		80C863D0009AEFE7FEECADCE /* 📦 Copy Pods Resources */ = {
			isa = PBXShellScriptBuildPhase;
			buildActionMask = 2147483647;
			files = (
			);
			inputPaths = (
			);
			name = "📦 Copy Pods Resources";
			outputPaths = (
			);
			runOnlyForDeploymentPostprocessing = 0;
			shellPath = /bin/sh;
			shellScript = "\"${SRCROOT}/Pods/Target Support Files/Pods-PINFuture_Example/Pods-PINFuture_Example-resources.sh\"\n";
			showEnvVarsInLog = 0;
		};
		8BE011059005F372199CA421 /* [CP] Embed Pods Frameworks */ = {
			isa = PBXShellScriptBuildPhase;
			buildActionMask = 2147483647;
			files = (
			);
			inputPaths = (
				"${SRCROOT}/Pods/Target Support Files/Pods-PINFuture_Example/Pods-PINFuture_Example-frameworks.sh",
				"${BUILT_PRODUCTS_DIR}/PINFuture/PINFuture.framework",
			);
			name = "[CP] Embed Pods Frameworks";
			outputPaths = (
				"${TARGET_BUILD_DIR}/${FRAMEWORKS_FOLDER_PATH}/PINFuture.framework",
			);
			runOnlyForDeploymentPostprocessing = 0;
			shellPath = /bin/sh;
			shellScript = "\"${SRCROOT}/Pods/Target Support Files/Pods-PINFuture_Example/Pods-PINFuture_Example-frameworks.sh\"\n";
			showEnvVarsInLog = 0;
		};
		A3C652621DDBC72DC05E1C5D /* [CP] Copy Pods Resources */ = {
			isa = PBXShellScriptBuildPhase;
			buildActionMask = 2147483647;
			files = (
			);
			inputPaths = (
			);
			name = "[CP] Copy Pods Resources";
			outputPaths = (
			);
			runOnlyForDeploymentPostprocessing = 0;
			shellPath = /bin/sh;
			shellScript = "\"${SRCROOT}/Pods/Target Support Files/Pods-PINFuture_Example/Pods-PINFuture_Example-resources.sh\"\n";
			showEnvVarsInLog = 0;
		};
		E81DC4278D39100DC8064B63 /* 📦 Embed Pods Frameworks */ = {
			isa = PBXShellScriptBuildPhase;
			buildActionMask = 2147483647;
			files = (
			);
			inputPaths = (
			);
			name = "📦 Embed Pods Frameworks";
			outputPaths = (
			);
			runOnlyForDeploymentPostprocessing = 0;
			shellPath = /bin/sh;
			shellScript = "\"${SRCROOT}/Pods/Target Support Files/Pods-PINFuture_Example/Pods-PINFuture_Example-frameworks.sh\"\n";
			showEnvVarsInLog = 0;
		};
		EF54C94AB96980CAA47267CD /* [CP] Check Pods Manifest.lock */ = {
			isa = PBXShellScriptBuildPhase;
			buildActionMask = 2147483647;
			files = (
			);
			inputPaths = (
				"${PODS_PODFILE_DIR_PATH}/Podfile.lock",
				"${PODS_ROOT}/Manifest.lock",
			);
			name = "[CP] Check Pods Manifest.lock";
			outputPaths = (
				"$(DERIVED_FILE_DIR)/Pods-PINFuture_Tests-checkManifestLockResult.txt",
			);
			runOnlyForDeploymentPostprocessing = 0;
			shellPath = /bin/sh;
			shellScript = "diff \"${PODS_PODFILE_DIR_PATH}/Podfile.lock\" \"${PODS_ROOT}/Manifest.lock\" > /dev/null\nif [ $? != 0 ] ; then\n    # print error to STDERR\n    echo \"error: The sandbox is not in sync with the Podfile.lock. Run 'pod install' or update your CocoaPods installation.\" >&2\n    exit 1\nfi\n# This output is used by Xcode 'outputs' to avoid re-running this script phase.\necho \"SUCCESS\" > \"${SCRIPT_OUTPUT_FILE_0}\"\n";
			showEnvVarsInLog = 0;
		};
/* End PBXShellScriptBuildPhase section */

/* Begin PBXSourcesBuildPhase section */
		6003F586195388D20070C39A /* Sources */ = {
			isa = PBXSourcesBuildPhase;
			buildActionMask = 2147483647;
			files = (
				6003F59E195388D20070C39A /* PINAppDelegate.m in Sources */,
				6003F5A7195388D20070C39A /* PINViewController.m in Sources */,
				6003F59A195388D20070C39A /* main.m in Sources */,
			);
			runOnlyForDeploymentPostprocessing = 0;
		};
		6003F5AA195388D20070C39A /* Sources */ = {
			isa = PBXSourcesBuildPhase;
			buildActionMask = 2147483647;
			files = (
				83E1B2D81DF4C2730068B35F /* PINFutureMap+FlatMapTests.m in Sources */,
				832DD8701F44950300F31888 /* PINFuture+GatherSomeTests.m in Sources */,
				8349E12C1E026E9600EB7EA3 /* PINTaskMap+FlatMapTests.m in Sources */,
				83C7A6531E415DFB00953658 /* PINFuture+MapToValueTests.m in Sources */,
				83C56B621DFF889100AAB9C4 /* PINTaskTests.m in Sources */,
				83E1B2DB1DF4C5DF0068B35F /* TestUtil.m in Sources */,
				6003F5BC195388D20070C39A /* PINFutureTests.m in Sources */,
				83626F011DF62ABE001CDCC7 /* PINFuture+DispatchTests.m in Sources */,
				8349E1421E047CE300EB7EA3 /* PINTaskStressTest.m in Sources */,
				8349E11E1E02304300EB7EA3 /* PINTask+AllTests.m in Sources */,
				833B31FA1E1F6D0B002D0449 /* PINTask+DoAsyncTests.m in Sources */,
				836101B61E3C2BB30027C0A2 /* PINFuture+ChainSideEffectTests.m in Sources */,
				83626F1C1DFA40DE001CDCC7 /* PINFuture+MapErrorTests.m in Sources */,
				83626EF71DF5F5FA001CDCC7 /* PINFuture+GatherAllTests.m in Sources */,
				8349E10D1E02094200EB7EA3 /* PINOnceTests.m in Sources */,
				833DA7111DFA428700DCFACD /* PINFuture+FlatMapErrorTests.m in Sources */,
				09A41C381E09B5950072EE8C /* PINResultTests.m in Sources */,
				83626F121DF96773001CDCC7 /* PINFutureMap+MapTests.m in Sources */,
				8349E1101E02165900EB7EA3 /* PINDispatchProxyTests.m in Sources */,
				09E85BBE1E171B2400238CEB /* PINCancelTokenTests.m in Sources */,
				83626EF51DF5EA1F001CDCC7 /* PINFutureStressTests.m in Sources */,
				833B31EE1E1EF4B8002D0449 /* PINTaskMap+MapToValueTests.m in Sources */,
				8349E1201E02308B00EB7EA3 /* PINTask+CacheTests.m in Sources */,
				836101C31E3D4EA10027C0A2 /* PINFuture+CompletionTests.m in Sources */,
				8349E12A1E026C8800EB7EA3 /* PINTaskMap+MapTests.m in Sources */,
				833B31F41E1F2B8C002D0449 /* PINTask+DoTests.m in Sources */,
			);
			runOnlyForDeploymentPostprocessing = 0;
		};
/* End PBXSourcesBuildPhase section */

/* Begin PBXTargetDependency section */
		6003F5B4195388D20070C39A /* PBXTargetDependency */ = {
			isa = PBXTargetDependency;
			target = 6003F589195388D20070C39A /* PINFuture_Example */;
			targetProxy = 6003F5B3195388D20070C39A /* PBXContainerItemProxy */;
		};
/* End PBXTargetDependency section */

/* Begin PBXVariantGroup section */
		6003F596195388D20070C39A /* InfoPlist.strings */ = {
			isa = PBXVariantGroup;
			children = (
				6003F597195388D20070C39A /* en */,
			);
			name = InfoPlist.strings;
			sourceTree = "<group>";
		};
		6003F5B8195388D20070C39A /* InfoPlist.strings */ = {
			isa = PBXVariantGroup;
			children = (
				6003F5B9195388D20070C39A /* en */,
			);
			name = InfoPlist.strings;
			sourceTree = "<group>";
		};
/* End PBXVariantGroup section */

/* Begin XCBuildConfiguration section */
		6003F5BD195388D20070C39A /* Debug */ = {
			isa = XCBuildConfiguration;
			buildSettings = {
				ALWAYS_SEARCH_USER_PATHS = NO;
				CLANG_CXX_LANGUAGE_STANDARD = "gnu++0x";
				CLANG_CXX_LIBRARY = "libc++";
				CLANG_ENABLE_MODULES = YES;
				CLANG_ENABLE_OBJC_ARC = YES;
				CLANG_WARN_BOOL_CONVERSION = YES;
				CLANG_WARN_CONSTANT_CONVERSION = YES;
				CLANG_WARN_DIRECT_OBJC_ISA_USAGE = YES_ERROR;
				CLANG_WARN_EMPTY_BODY = YES;
				CLANG_WARN_ENUM_CONVERSION = YES;
				CLANG_WARN_INFINITE_RECURSION = YES;
				CLANG_WARN_INT_CONVERSION = YES;
				CLANG_WARN_OBJC_ROOT_CLASS = YES_ERROR;
				CLANG_WARN_SUSPICIOUS_MOVE = YES;
				CLANG_WARN_UNREACHABLE_CODE = YES;
				CLANG_WARN__DUPLICATE_METHOD_MATCH = YES;
				"CODE_SIGN_IDENTITY[sdk=iphoneos*]" = "iPhone Developer";
				COPY_PHASE_STRIP = NO;
				ENABLE_STRICT_OBJC_MSGSEND = YES;
				ENABLE_TESTABILITY = YES;
				GCC_C_LANGUAGE_STANDARD = gnu99;
				GCC_DYNAMIC_NO_PIC = NO;
				GCC_NO_COMMON_BLOCKS = YES;
				GCC_OPTIMIZATION_LEVEL = 0;
				GCC_PREPROCESSOR_DEFINITIONS = (
					"DEBUG=1",
					"$(inherited)",
				);
				GCC_SYMBOLS_PRIVATE_EXTERN = NO;
				GCC_WARN_64_TO_32_BIT_CONVERSION = YES;
				GCC_WARN_ABOUT_RETURN_TYPE = YES_ERROR;
				GCC_WARN_UNDECLARED_SELECTOR = YES;
				GCC_WARN_UNINITIALIZED_AUTOS = YES_AGGRESSIVE;
				GCC_WARN_UNUSED_FUNCTION = YES;
				GCC_WARN_UNUSED_VARIABLE = YES;
				IPHONEOS_DEPLOYMENT_TARGET = 8.3;
				ONLY_ACTIVE_ARCH = YES;
				SDKROOT = iphoneos;
				TARGETED_DEVICE_FAMILY = "1,2";
			};
			name = Debug;
		};
		6003F5BE195388D20070C39A /* Release */ = {
			isa = XCBuildConfiguration;
			buildSettings = {
				ALWAYS_SEARCH_USER_PATHS = NO;
				CLANG_CXX_LANGUAGE_STANDARD = "gnu++0x";
				CLANG_CXX_LIBRARY = "libc++";
				CLANG_ENABLE_MODULES = YES;
				CLANG_ENABLE_OBJC_ARC = YES;
				CLANG_WARN_BOOL_CONVERSION = YES;
				CLANG_WARN_CONSTANT_CONVERSION = YES;
				CLANG_WARN_DIRECT_OBJC_ISA_USAGE = YES_ERROR;
				CLANG_WARN_EMPTY_BODY = YES;
				CLANG_WARN_ENUM_CONVERSION = YES;
				CLANG_WARN_INFINITE_RECURSION = YES;
				CLANG_WARN_INT_CONVERSION = YES;
				CLANG_WARN_OBJC_ROOT_CLASS = YES_ERROR;
				CLANG_WARN_SUSPICIOUS_MOVE = YES;
				CLANG_WARN_UNREACHABLE_CODE = YES;
				CLANG_WARN__DUPLICATE_METHOD_MATCH = YES;
				"CODE_SIGN_IDENTITY[sdk=iphoneos*]" = "iPhone Developer";
				COPY_PHASE_STRIP = YES;
				ENABLE_NS_ASSERTIONS = NO;
				ENABLE_STRICT_OBJC_MSGSEND = YES;
				GCC_C_LANGUAGE_STANDARD = gnu99;
				GCC_NO_COMMON_BLOCKS = YES;
				GCC_WARN_64_TO_32_BIT_CONVERSION = YES;
				GCC_WARN_ABOUT_RETURN_TYPE = YES_ERROR;
				GCC_WARN_UNDECLARED_SELECTOR = YES;
				GCC_WARN_UNINITIALIZED_AUTOS = YES_AGGRESSIVE;
				GCC_WARN_UNUSED_FUNCTION = YES;
				GCC_WARN_UNUSED_VARIABLE = YES;
				IPHONEOS_DEPLOYMENT_TARGET = 8.3;
				SDKROOT = iphoneos;
				TARGETED_DEVICE_FAMILY = "1,2";
				VALIDATE_PRODUCT = YES;
			};
			name = Release;
		};
		6003F5C0195388D20070C39A /* Debug */ = {
			isa = XCBuildConfiguration;
			baseConfigurationReference = 1C1EC260D16EA51C1A79998D /* Pods-PINFuture_Example.debug.xcconfig */;
			buildSettings = {
				ASSETCATALOG_COMPILER_APPICON_NAME = AppIcon;
				ASSETCATALOG_COMPILER_LAUNCHIMAGE_NAME = LaunchImage;
				GCC_PRECOMPILE_PREFIX_HEADER = YES;
				GCC_PREFIX_HEADER = "PINFuture/PINFuture-Prefix.pch";
				GCC_TREAT_IMPLICIT_FUNCTION_DECLARATIONS_AS_ERRORS = YES;
				GCC_TREAT_INCOMPATIBLE_POINTER_TYPE_WARNINGS_AS_ERRORS = YES;
				GCC_TREAT_WARNINGS_AS_ERRORS = YES;
				INFOPLIST_FILE = "PINFuture/PINFuture-Info.plist";
				MODULE_NAME = ExampleApp;
				PRODUCT_BUNDLE_IDENTIFIER = "org.cocoapods.demo.${PRODUCT_NAME:rfc1034identifier}";
				PRODUCT_NAME = "$(TARGET_NAME)";
				WRAPPER_EXTENSION = app;
			};
			name = Debug;
		};
		6003F5C1195388D20070C39A /* Release */ = {
			isa = XCBuildConfiguration;
			baseConfigurationReference = 31F4E9B3BEFC11D41B0E8B26 /* Pods-PINFuture_Example.release.xcconfig */;
			buildSettings = {
				ASSETCATALOG_COMPILER_APPICON_NAME = AppIcon;
				ASSETCATALOG_COMPILER_LAUNCHIMAGE_NAME = LaunchImage;
				GCC_PRECOMPILE_PREFIX_HEADER = YES;
				GCC_PREFIX_HEADER = "PINFuture/PINFuture-Prefix.pch";
				GCC_TREAT_IMPLICIT_FUNCTION_DECLARATIONS_AS_ERRORS = YES;
				GCC_TREAT_INCOMPATIBLE_POINTER_TYPE_WARNINGS_AS_ERRORS = YES;
				GCC_TREAT_WARNINGS_AS_ERRORS = YES;
				INFOPLIST_FILE = "PINFuture/PINFuture-Info.plist";
				MODULE_NAME = ExampleApp;
				PRODUCT_BUNDLE_IDENTIFIER = "org.cocoapods.demo.${PRODUCT_NAME:rfc1034identifier}";
				PRODUCT_NAME = "$(TARGET_NAME)";
				WRAPPER_EXTENSION = app;
			};
			name = Release;
		};
		6003F5C3195388D20070C39A /* Debug */ = {
			isa = XCBuildConfiguration;
			baseConfigurationReference = A84D3049B325A16AE013C28F /* Pods-PINFuture_Tests.debug.xcconfig */;
			buildSettings = {
				BUNDLE_LOADER = "$(TEST_HOST)";
				FRAMEWORK_SEARCH_PATHS = (
					"$(SDKROOT)/Developer/Library/Frameworks",
					"$(inherited)",
					"$(DEVELOPER_FRAMEWORKS_DIR)",
				);
				GCC_PRECOMPILE_PREFIX_HEADER = YES;
				GCC_PREFIX_HEADER = "Tests/Tests-Prefix.pch";
				GCC_PREPROCESSOR_DEFINITIONS = (
					"DEBUG=1",
					"$(inherited)",
				);
				GCC_TREAT_IMPLICIT_FUNCTION_DECLARATIONS_AS_ERRORS = YES;
				GCC_TREAT_INCOMPATIBLE_POINTER_TYPE_WARNINGS_AS_ERRORS = YES;
				GCC_TREAT_WARNINGS_AS_ERRORS = YES;
				INFOPLIST_FILE = "Tests/Tests-Info.plist";
				PRODUCT_BUNDLE_IDENTIFIER = "org.cocoapods.demo.${PRODUCT_NAME:rfc1034identifier}";
				PRODUCT_NAME = "$(TARGET_NAME)";
				TEST_HOST = "$(BUILT_PRODUCTS_DIR)/PINFuture_Example.app/PINFuture_Example";
				WRAPPER_EXTENSION = xctest;
			};
			name = Debug;
		};
		6003F5C4195388D20070C39A /* Release */ = {
			isa = XCBuildConfiguration;
			baseConfigurationReference = 781D0727B7DDED858FD00A64 /* Pods-PINFuture_Tests.release.xcconfig */;
			buildSettings = {
				BUNDLE_LOADER = "$(TEST_HOST)";
				FRAMEWORK_SEARCH_PATHS = (
					"$(SDKROOT)/Developer/Library/Frameworks",
					"$(inherited)",
					"$(DEVELOPER_FRAMEWORKS_DIR)",
				);
				GCC_PRECOMPILE_PREFIX_HEADER = YES;
				GCC_PREFIX_HEADER = "Tests/Tests-Prefix.pch";
				GCC_TREAT_IMPLICIT_FUNCTION_DECLARATIONS_AS_ERRORS = YES;
				GCC_TREAT_INCOMPATIBLE_POINTER_TYPE_WARNINGS_AS_ERRORS = YES;
				GCC_TREAT_WARNINGS_AS_ERRORS = YES;
				INFOPLIST_FILE = "Tests/Tests-Info.plist";
				PRODUCT_BUNDLE_IDENTIFIER = "org.cocoapods.demo.${PRODUCT_NAME:rfc1034identifier}";
				PRODUCT_NAME = "$(TARGET_NAME)";
				TEST_HOST = "$(BUILT_PRODUCTS_DIR)/PINFuture_Example.app/PINFuture_Example";
				WRAPPER_EXTENSION = xctest;
			};
			name = Release;
		};
/* End XCBuildConfiguration section */

/* Begin XCConfigurationList section */
		6003F585195388D10070C39A /* Build configuration list for PBXProject "PINFuture" */ = {
			isa = XCConfigurationList;
			buildConfigurations = (
				6003F5BD195388D20070C39A /* Debug */,
				6003F5BE195388D20070C39A /* Release */,
			);
			defaultConfigurationIsVisible = 0;
			defaultConfigurationName = Release;
		};
		6003F5BF195388D20070C39A /* Build configuration list for PBXNativeTarget "PINFuture_Example" */ = {
			isa = XCConfigurationList;
			buildConfigurations = (
				6003F5C0195388D20070C39A /* Debug */,
				6003F5C1195388D20070C39A /* Release */,
			);
			defaultConfigurationIsVisible = 0;
			defaultConfigurationName = Release;
		};
		6003F5C2195388D20070C39A /* Build configuration list for PBXNativeTarget "PINFuture_Tests" */ = {
			isa = XCConfigurationList;
			buildConfigurations = (
				6003F5C3195388D20070C39A /* Debug */,
				6003F5C4195388D20070C39A /* Release */,
			);
			defaultConfigurationIsVisible = 0;
			defaultConfigurationName = Release;
		};
/* End XCConfigurationList section */
	};
	rootObject = 6003F582195388D10070C39A /* Project object */;
}
