PODS:
  - Expecta (1.0.6)
  - PINFuture (5.2.1)
  - Specta (1.0.7)

DEPENDENCIES:
  - Expecta
  - PINFuture (from `../`)
  - Specta

SPEC REPOS:
  trunk:
    - Expecta
    - Specta

EXTERNAL SOURCES:
  PINFuture:
    :path: "../"

SPEC CHECKSUMS:
  Expecta: 3b6bd90a64b9a1dcb0b70aa0e10a7f8f631667d5
  PINFuture: a3de8180f634e6af833bf8753e7829e4e69e8f9a
  Specta: 3e1bd89c3517421982dc4d1c992503e48bd5fe66

PODFILE CHECKSUM: 699d06a490a2ae8d8e6dcf963cf46656dad30462

COCOAPODS: 1.9.1
